// !$*UTF8*$!
{
	archiveVersion = 1;
	classes = {
	};
	objectVersion = 50;
	objects = {

/* Begin PBXBuildFile section */
		DE36162322DBDA01008ACDA7 /* AppDelegate.swift in Sources */ = {isa = PBXBuildFile; fileRef = DE36162222DBDA01008ACDA7 /* AppDelegate.swift */; };
		DE36162522DBDA01008ACDA7 /* ViewController.swift in Sources */ = {isa = PBXBuildFile; fileRef = DE36162422DBDA01008ACDA7 /* ViewController.swift */; };
		DE36162822DBDA01008ACDA7 /* Main.storyboard in Resources */ = {isa = PBXBuildFile; fileRef = DE36162622DBDA01008ACDA7 /* Main.storyboard */; };
		DE36162B22DBDA01008ACDA7 /* Mark2.xcdatamodeld in Sources */ = {isa = PBXBuildFile; fileRef = DE36162922DBDA01008ACDA7 /* Mark2.xcdatamodeld */; };
		DE36162D22DBDA01008ACDA7 /* Assets.xcassets in Resources */ = {isa = PBXBuildFile; fileRef = DE36162C22DBDA01008ACDA7 /* Assets.xcassets */; };
		DE36163022DBDA01008ACDA7 /* LaunchScreen.storyboard in Resources */ = {isa = PBXBuildFile; fileRef = DE36162E22DBDA01008ACDA7 /* LaunchScreen.storyboard */; };
		DE36163B22DBDA01008ACDA7 /* Mark2Tests.swift in Sources */ = {isa = PBXBuildFile; fileRef = DE36163A22DBDA01008ACDA7 /* Mark2Tests.swift */; };
		DE36164622DBDA01008ACDA7 /* Mark2UITests.swift in Sources */ = {isa = PBXBuildFile; fileRef = DE36164522DBDA01008ACDA7 /* Mark2UITests.swift */; };
		DE36165422DBDCC3008ACDA7 /* Brain Line Art-291181.png in Resources */ = {isa = PBXBuildFile; fileRef = DE36165322DBDCC3008ACDA7 /* Brain Line Art-291181.png */; };
/* End PBXBuildFile section */

/* Begin PBXContainerItemProxy section */
		DE36163722DBDA01008ACDA7 /* PBXContainerItemProxy */ = {
			isa = PBXContainerItemProxy;
			containerPortal = DE36161722DBDA01008ACDA7 /* Project object */;
			proxyType = 1;
			remoteGlobalIDString = DE36161E22DBDA01008ACDA7;
			remoteInfo = Mark2;
		};
		DE36164222DBDA01008ACDA7 /* PBXContainerItemProxy */ = {
			isa = PBXContainerItemProxy;
			containerPortal = DE36161722DBDA01008ACDA7 /* Project object */;
			proxyType = 1;
			remoteGlobalIDString = DE36161E22DBDA01008ACDA7;
			remoteInfo = Mark2;
		};
/* End PBXContainerItemProxy section */

/* Begin PBXFileReference section */
		DE36161F22DBDA01008ACDA7 /* Mark2.app */ = {isa = PBXFileReference; explicitFileType = wrapper.application; includeInIndex = 0; path = Mark2.app; sourceTree = BUILT_PRODUCTS_DIR; };
		DE36162222DBDA01008ACDA7 /* AppDelegate.swift */ = {isa = PBXFileReference; lastKnownFileType = sourcecode.swift; path = AppDelegate.swift; sourceTree = "<group>"; };
		DE36162422DBDA01008ACDA7 /* ViewController.swift */ = {isa = PBXFileReference; lastKnownFileType = sourcecode.swift; path = ViewController.swift; sourceTree = "<group>"; };
		DE36162722DBDA01008ACDA7 /* Base */ = {isa = PBXFileReference; lastKnownFileType = file.storyboard; name = Base; path = Base.lproj/Main.storyboard; sourceTree = "<group>"; };
		DE36162A22DBDA01008ACDA7 /* Mark2.xcdatamodel */ = {isa = PBXFileReference; lastKnownFileType = wrapper.xcdatamodel; path = Mark2.xcdatamodel; sourceTree = "<group>"; };
		DE36162C22DBDA01008ACDA7 /* Assets.xcassets */ = {isa = PBXFileReference; lastKnownFileType = folder.assetcatalog; path = Assets.xcassets; sourceTree = "<group>"; };
		DE36162F22DBDA01008ACDA7 /* Base */ = {isa = PBXFileReference; lastKnownFileType = file.storyboard; name = Base; path = Base.lproj/LaunchScreen.storyboard; sourceTree = "<group>"; };
		DE36163122DBDA01008ACDA7 /* Info.plist */ = {isa = PBXFileReference; lastKnownFileType = text.plist.xml; path = Info.plist; sourceTree = "<group>"; };
		DE36163622DBDA01008ACDA7 /* Mark2Tests.xctest */ = {isa = PBXFileReference; explicitFileType = wrapper.cfbundle; includeInIndex = 0; path = Mark2Tests.xctest; sourceTree = BUILT_PRODUCTS_DIR; };
		DE36163A22DBDA01008ACDA7 /* Mark2Tests.swift */ = {isa = PBXFileReference; lastKnownFileType = sourcecode.swift; path = Mark2Tests.swift; sourceTree = "<group>"; };
		DE36163C22DBDA01008ACDA7 /* Info.plist */ = {isa = PBXFileReference; lastKnownFileType = text.plist.xml; path = Info.plist; sourceTree = "<group>"; };
		DE36164122DBDA01008ACDA7 /* Mark2UITests.xctest */ = {isa = PBXFileReference; explicitFileType = wrapper.cfbundle; includeInIndex = 0; path = Mark2UITests.xctest; sourceTree = BUILT_PRODUCTS_DIR; };
		DE36164522DBDA01008ACDA7 /* Mark2UITests.swift */ = {isa = PBXFileReference; lastKnownFileType = sourcecode.swift; path = Mark2UITests.swift; sourceTree = "<group>"; };
		DE36164722DBDA01008ACDA7 /* Info.plist */ = {isa = PBXFileReference; lastKnownFileType = text.plist.xml; path = Info.plist; sourceTree = "<group>"; };
		DE36165322DBDCC3008ACDA7 /* Brain Line Art-291181.png */ = {isa = PBXFileReference; lastKnownFileType = image.png; name = "Brain Line Art-291181.png"; path = "../../../Downloads/Brain Line Art-291181.png"; sourceTree = "<group>"; };
/* End PBXFileReference section */

/* Begin PBXFrameworksBuildPhase section */
		DE36161C22DBDA01008ACDA7 /* Frameworks */ = {
			isa = PBXFrameworksBuildPhase;
			buildActionMask = 2147483647;
			files = (
			);
			runOnlyForDeploymentPostprocessing = 0;
		};
		DE36163322DBDA01008ACDA7 /* Frameworks */ = {
			isa = PBXFrameworksBuildPhase;
			buildActionMask = 2147483647;
			files = (
			);
			runOnlyForDeploymentPostprocessing = 0;
		};
		DE36163E22DBDA01008ACDA7 /* Frameworks */ = {
			isa = PBXFrameworksBuildPhase;
			buildActionMask = 2147483647;
			files = (
			);
			runOnlyForDeploymentPostprocessing = 0;
		};
/* End PBXFrameworksBuildPhase section */

/* Begin PBXGroup section */
		DE36161622DBDA01008ACDA7 = {
			isa = PBXGroup;
			children = (
				DE36162122DBDA01008ACDA7 /* Mark2 */,
				DE36163922DBDA01008ACDA7 /* Mark2Tests */,
				DE36164422DBDA01008ACDA7 /* Mark2UITests */,
				DE36162022DBDA01008ACDA7 /* Products */,
			);
			sourceTree = "<group>";
		};
		DE36162022DBDA01008ACDA7 /* Products */ = {
			isa = PBXGroup;
			children = (
				DE36161F22DBDA01008ACDA7 /* Mark2.app */,
				DE36163622DBDA01008ACDA7 /* Mark2Tests.xctest */,
				DE36164122DBDA01008ACDA7 /* Mark2UITests.xctest */,
			);
			name = Products;
			sourceTree = "<group>";
		};
		DE36162122DBDA01008ACDA7 /* Mark2 */ = {
			isa = PBXGroup;
			children = (
				DE36162222DBDA01008ACDA7 /* AppDelegate.swift */,
				DE36162422DBDA01008ACDA7 /* ViewController.swift */,
				DE36162622DBDA01008ACDA7 /* Main.storyboard */,
				DE36162C22DBDA01008ACDA7 /* Assets.xcassets */,
				DE36162E22DBDA01008ACDA7 /* LaunchScreen.storyboard */,
				DE36163122DBDA01008ACDA7 /* Info.plist */,
				DE36162922DBDA01008ACDA7 /* Mark2.xcdatamodeld */,
				DE36165322DBDCC3008ACDA7 /* Brain Line Art-291181.png */,
			);
			path = Mark2;
			sourceTree = "<group>";
		};
		DE36163922DBDA01008ACDA7 /* Mark2Tests */ = {
			isa = PBXGroup;
			children = (
				DE36163A22DBDA01008ACDA7 /* Mark2Tests.swift */,
				DE36163C22DBDA01008ACDA7 /* Info.plist */,
			);
			path = Mark2Tests;
			sourceTree = "<group>";
		};
		DE36164422DBDA01008ACDA7 /* Mark2UITests */ = {
			isa = PBXGroup;
			children = (
				DE36164522DBDA01008ACDA7 /* Mark2UITests.swift */,
				DE36164722DBDA01008ACDA7 /* Info.plist */,
			);
			path = Mark2UITests;
			sourceTree = "<group>";
		};
/* End PBXGroup section */

/* Begin PBXNativeTarget section */
		DE36161E22DBDA01008ACDA7 /* Mark2 */ = {
			isa = PBXNativeTarget;
			buildConfigurationList = DE36164A22DBDA01008ACDA7 /* Build configuration list for PBXNativeTarget "Mark2" */;
			buildPhases = (
				DE36161B22DBDA01008ACDA7 /* Sources */,
				DE36161C22DBDA01008ACDA7 /* Frameworks */,
				DE36161D22DBDA01008ACDA7 /* Resources */,
			);
			buildRules = (
			);
			dependencies = (
			);
			name = Mark2;
			productName = Mark2;
			productReference = DE36161F22DBDA01008ACDA7 /* Mark2.app */;
			productType = "com.apple.product-type.application";
		};
		DE36163522DBDA01008ACDA7 /* Mark2Tests */ = {
			isa = PBXNativeTarget;
			buildConfigurationList = DE36164D22DBDA01008ACDA7 /* Build configuration list for PBXNativeTarget "Mark2Tests" */;
			buildPhases = (
				DE36163222DBDA01008ACDA7 /* Sources */,
				DE36163322DBDA01008ACDA7 /* Frameworks */,
				DE36163422DBDA01008ACDA7 /* Resources */,
			);
			buildRules = (
			);
			dependencies = (
				DE36163822DBDA01008ACDA7 /* PBXTargetDependency */,
			);
			name = Mark2Tests;
			productName = Mark2Tests;
			productReference = DE36163622DBDA01008ACDA7 /* Mark2Tests.xctest */;
			productType = "com.apple.product-type.bundle.unit-test";
		};
		DE36164022DBDA01008ACDA7 /* Mark2UITests */ = {
			isa = PBXNativeTarget;
			buildConfigurationList = DE36165022DBDA01008ACDA7 /* Build configuration list for PBXNativeTarget "Mark2UITests" */;
			buildPhases = (
				DE36163D22DBDA01008ACDA7 /* Sources */,
				DE36163E22DBDA01008ACDA7 /* Frameworks */,
				DE36163F22DBDA01008ACDA7 /* Resources */,
			);
			buildRules = (
			);
			dependencies = (
				DE36164322DBDA01008ACDA7 /* PBXTargetDependency */,
			);
			name = Mark2UITests;
			productName = Mark2UITests;
			productReference = DE36164122DBDA01008ACDA7 /* Mark2UITests.xctest */;
			productType = "com.apple.product-type.bundle.ui-testing";
		};
/* End PBXNativeTarget section */

/* Begin PBXProject section */
		DE36161722DBDA01008ACDA7 /* Project object */ = {
			isa = PBXProject;
			attributes = {
				LastSwiftUpdateCheck = 1020;
				LastUpgradeCheck = 1020;
				ORGANIZATIONNAME = "Giannte Page";
				TargetAttributes = {
					DE36161E22DBDA01008ACDA7 = {
						CreatedOnToolsVersion = 10.2.1;
					};
					DE36163522DBDA01008ACDA7 = {
						CreatedOnToolsVersion = 10.2.1;
						TestTargetID = DE36161E22DBDA01008ACDA7;
					};
					DE36164022DBDA01008ACDA7 = {
						CreatedOnToolsVersion = 10.2.1;
						TestTargetID = DE36161E22DBDA01008ACDA7;
					};
				};
			};
			buildConfigurationList = DE36161A22DBDA01008ACDA7 /* Build configuration list for PBXProject "Mark2" */;
			compatibilityVersion = "Xcode 9.3";
			developmentRegion = en;
			hasScannedForEncodings = 0;
			knownRegions = (
				en,
				Base,
			);
			mainGroup = DE36161622DBDA01008ACDA7;
			productRefGroup = DE36162022DBDA01008ACDA7 /* Products */;
			projectDirPath = "";
			projectRoot = "";
			targets = (
				DE36161E22DBDA01008ACDA7 /* Mark2 */,
				DE36163522DBDA01008ACDA7 /* Mark2Tests */,
				DE36164022DBDA01008ACDA7 /* Mark2UITests */,
			);
		};
/* End PBXProject section */

/* Begin PBXResourcesBuildPhase section */
		DE36161D22DBDA01008ACDA7 /* Resources */ = {
			isa = PBXResourcesBuildPhase;
			buildActionMask = 2147483647;
			files = (
				DE36163022DBDA01008ACDA7 /* LaunchScreen.storyboard in Resources */,
				DE36162D22DBDA01008ACDA7 /* Assets.xcassets in Resources */,
				DE36165422DBDCC3008ACDA7 /* Brain Line Art-291181.png in Resources */,
				DE36162822DBDA01008ACDA7 /* Main.storyboard in Resources */,
			);
			runOnlyForDeploymentPostprocessing = 0;
		};
		DE36163422DBDA01008ACDA7 /* Resources */ = {
			isa = PBXResourcesBuildPhase;
			buildActionMask = 2147483647;
			files = (
			);
			runOnlyForDeploymentPostprocessing = 0;
		};
		DE36163F22DBDA01008ACDA7 /* Resources */ = {
			isa = PBXResourcesBuildPhase;
			buildActionMask = 2147483647;
			files = (
			);
			runOnlyForDeploymentPostprocessing = 0;
		};
/* End PBXResourcesBuildPhase section */

/* Begin PBXSourcesBuildPhase section */
		DE36161B22DBDA01008ACDA7 /* Sources */ = {
			isa = PBXSourcesBuildPhase;
			buildActionMask = 2147483647;
			files = (
				DE36162522DBDA01008ACDA7 /* ViewController.swift in Sources */,
				DE36162B22DBDA01008ACDA7 /* Mark2.xcdatamodeld in Sources */,
				DE36162322DBDA01008ACDA7 /* AppDelegate.swift in Sources */,
			);
			runOnlyForDeploymentPostprocessing = 0;
		};
		DE36163222DBDA01008ACDA7 /* Sources */ = {
			isa = PBXSourcesBuildPhase;
			buildActionMask = 2147483647;
			files = (
				DE36163B22DBDA01008ACDA7 /* Mark2Tests.swift in Sources */,
			);
			runOnlyForDeploymentPostprocessing = 0;
		};
		DE36163D22DBDA01008ACDA7 /* Sources */ = {
			isa = PBXSourcesBuildPhase;
			buildActionMask = 2147483647;
			files = (
				DE36164622DBDA01008ACDA7 /* Mark2UITests.swift in Sources */,
			);
			runOnlyForDeploymentPostprocessing = 0;
		};
/* End PBXSourcesBuildPhase section */

/* Begin PBXTargetDependency section */
		DE36163822DBDA01008ACDA7 /* PBXTargetDependency */ = {
			isa = PBXTargetDependency;
			target = DE36161E22DBDA01008ACDA7 /* Mark2 */;
			targetProxy = DE36163722DBDA01008ACDA7 /* PBXContainerItemProxy */;
		};
		DE36164322DBDA01008ACDA7 /* PBXTargetDependency */ = {
			isa = PBXTargetDependency;
			target = DE36161E22DBDA01008ACDA7 /* Mark2 */;
			targetProxy = DE36164222DBDA01008ACDA7 /* PBXContainerItemProxy */;
		};
/* End PBXTargetDependency section */

/* Begin PBXVariantGroup section */
		DE36162622DBDA01008ACDA7 /* Main.storyboard */ = {
			isa = PBXVariantGroup;
			children = (
				DE36162722DBDA01008ACDA7 /* Base */,
			);
			name = Main.storyboard;
			sourceTree = "<group>";
		};
		DE36162E22DBDA01008ACDA7 /* LaunchScreen.storyboard */ = {
			isa = PBXVariantGroup;
			children = (
				DE36162F22DBDA01008ACDA7 /* Base */,
			);
			name = LaunchScreen.storyboard;
			sourceTree = "<group>";
		};
/* End PBXVariantGroup section */

/* Begin XCBuildConfiguration section */
		DE36164822DBDA01008ACDA7 /* Debug */ = {
			isa = XCBuildConfiguration;
			buildSettings = {
				ALWAYS_SEARCH_USER_PATHS = NO;
				CLANG_ANALYZER_NONNULL = YES;
				CLANG_ANALYZER_NUMBER_OBJECT_CONVERSION = YES_AGGRESSIVE;
				CLANG_CXX_LANGUAGE_STANDARD = "gnu++14";
				CLANG_CXX_LIBRARY = "libc++";
				CLANG_ENABLE_MODULES = YES;
				CLANG_ENABLE_OBJC_ARC = YES;
				CLANG_ENABLE_OBJC_WEAK = YES;
				CLANG_WARN_BLOCK_CAPTURE_AUTORELEASING = YES;
				CLANG_WARN_BOOL_CONVERSION = YES;
				CLANG_WARN_COMMA = YES;
				CLANG_WARN_CONSTANT_CONVERSION = YES;
				CLANG_WARN_DEPRECATED_OBJC_IMPLEMENTATIONS = YES;
				CLANG_WARN_DIRECT_OBJC_ISA_USAGE = YES_ERROR;
				CLANG_WARN_DOCUMENTATION_COMMENTS = YES;
				CLANG_WARN_EMPTY_BODY = YES;
				CLANG_WARN_ENUM_CONVERSION = YES;
				CLANG_WARN_INFINITE_RECURSION = YES;
				CLANG_WARN_INT_CONVERSION = YES;
				CLANG_WARN_NON_LITERAL_NULL_CONVERSION = YES;
				CLANG_WARN_OBJC_IMPLICIT_RETAIN_SELF = YES;
				CLANG_WARN_OBJC_LITERAL_CONVERSION = YES;
				CLANG_WARN_OBJC_ROOT_CLASS = YES_ERROR;
				CLANG_WARN_RANGE_LOOP_ANALYSIS = YES;
				CLANG_WARN_STRICT_PROTOTYPES = YES;
				CLANG_WARN_SUSPICIOUS_MOVE = YES;
				CLANG_WARN_UNGUARDED_AVAILABILITY = YES_AGGRESSIVE;
				CLANG_WARN_UNREACHABLE_CODE = YES;
				CLANG_WARN__DUPLICATE_METHOD_MATCH = YES;
				CODE_SIGN_IDENTITY = "iPhone Developer";
				COPY_PHASE_STRIP = NO;
				DEBUG_INFORMATION_FORMAT = dwarf;
				ENABLE_STRICT_OBJC_MSGSEND = YES;
				ENABLE_TESTABILITY = YES;
				GCC_C_LANGUAGE_STANDARD = gnu11;
				GCC_DYNAMIC_NO_PIC = NO;
				GCC_NO_COMMON_BLOCKS = YES;
				GCC_OPTIMIZATION_LEVEL = 0;
				GCC_PREPROCESSOR_DEFINITIONS = (
					"DEBUG=1",
					"$(inherited)",
				);
				GCC_WARN_64_TO_32_BIT_CONVERSION = YES;
				GCC_WARN_ABOUT_RETURN_TYPE = YES_ERROR;
				GCC_WARN_UNDECLARED_SELECTOR = YES;
				GCC_WARN_UNINITIALIZED_AUTOS = YES_AGGRESSIVE;
				GCC_WARN_UNUSED_FUNCTION = YES;
				GCC_WARN_UNUSED_VARIABLE = YES;
				IPHONEOS_DEPLOYMENT_TARGET = 12.2;
				MTL_ENABLE_DEBUG_INFO = INCLUDE_SOURCE;
				MTL_FAST_MATH = YES;
				ONLY_ACTIVE_ARCH = YES;
				SDKROOT = iphoneos;
				SWIFT_ACTIVE_COMPILATION_CONDITIONS = DEBUG;
				SWIFT_OPTIMIZATION_LEVEL = "-Onone";
			};
			name = Debug;
		};
		DE36164922DBDA01008ACDA7 /* Release */ = {
			isa = XCBuildConfiguration;
			buildSettings = {
				ALWAYS_SEARCH_USER_PATHS = NO;
				CLANG_ANALYZER_NONNULL = YES;
				CLANG_ANALYZER_NUMBER_OBJECT_CONVERSION = YES_AGGRESSIVE;
				CLANG_CXX_LANGUAGE_STANDARD = "gnu++14";
				CLANG_CXX_LIBRARY = "libc++";
				CLANG_ENABLE_MODULES = YES;
				CLANG_ENABLE_OBJC_ARC = YES;
				CLANG_ENABLE_OBJC_WEAK = YES;
				CLANG_WARN_BLOCK_CAPTURE_AUTORELEASING = YES;
				CLANG_WARN_BOOL_CONVERSION = YES;
				CLANG_WARN_COMMA = YES;
				CLANG_WARN_CONSTANT_CONVERSION = YES;
				CLANG_WARN_DEPRECATED_OBJC_IMPLEMENTATIONS = YES;
				CLANG_WARN_DIRECT_OBJC_ISA_USAGE = YES_ERROR;
				CLANG_WARN_DOCUMENTATION_COMMENTS = YES;
				CLANG_WARN_EMPTY_BODY = YES;
				CLANG_WARN_ENUM_CONVERSION = YES;
				CLANG_WARN_INFINITE_RECURSION = YES;
				CLANG_WARN_INT_CONVERSION = YES;
				CLANG_WARN_NON_LITERAL_NULL_CONVERSION = YES;
				CLANG_WARN_OBJC_IMPLICIT_RETAIN_SELF = YES;
				CLANG_WARN_OBJC_LITERAL_CONVERSION = YES;
				CLANG_WARN_OBJC_ROOT_CLASS = YES_ERROR;
				CLANG_WARN_RANGE_LOOP_ANALYSIS = YES;
				CLANG_WARN_STRICT_PROTOTYPES = YES;
				CLANG_WARN_SUSPICIOUS_MOVE = YES;
				CLANG_WARN_UNGUARDED_AVAILABILITY = YES_AGGRESSIVE;
				CLANG_WARN_UNREACHABLE_CODE = YES;
				CLANG_WARN__DUPLICATE_METHOD_MATCH = YES;
				CODE_SIGN_IDENTITY = "iPhone Developer";
				COPY_PHASE_STRIP = NO;
				DEBUG_INFORMATION_FORMAT = "dwarf-with-dsym";
				ENABLE_NS_ASSERTIONS = NO;
				ENABLE_STRICT_OBJC_MSGSEND = YES;
				GCC_C_LANGUAGE_STANDARD = gnu11;
				GCC_NO_COMMON_BLOCKS = YES;
				GCC_WARN_64_TO_32_BIT_CONVERSION = YES;
				GCC_WARN_ABOUT_RETURN_TYPE = YES_ERROR;
				GCC_WARN_UNDECLARED_SELECTOR = YES;
				GCC_WARN_UNINITIALIZED_AUTOS = YES_AGGRESSIVE;
				GCC_WARN_UNUSED_FUNCTION = YES;
				GCC_WARN_UNUSED_VARIABLE = YES;
				IPHONEOS_DEPLOYMENT_TARGET = 12.2;
				MTL_ENABLE_DEBUG_INFO = NO;
				MTL_FAST_MATH = YES;
				SDKROOT = iphoneos;
				SWIFT_COMPILATION_MODE = wholemodule;
				SWIFT_OPTIMIZATION_LEVEL = "-O";
				VALIDATE_PRODUCT = YES;
			};
			name = Release;
		};
		DE36164B22DBDA01008ACDA7 /* Debug */ = {
			isa = XCBuildConfiguration;
			buildSettings = {
				ASSETCATALOG_COMPILER_APPICON_NAME = AppIcon;
				CODE_SIGN_STYLE = Automatic;
				INFOPLIST_FILE = Mark2/Info.plist;
				LD_RUNPATH_SEARCH_PATHS = (
					"$(inherited)",
					"@executable_path/Frameworks",
				);
				PRODUCT_BUNDLE_IDENTIFIER = Lituation.Mark2;
				PRODUCT_NAME = "$(TARGET_NAME)";
				SWIFT_VERSION = 5.0;
				TARGETED_DEVICE_FAMILY = "1,2";
			};
			name = Debug;
		};
		DE36164C22DBDA01008ACDA7 /* Release */ = {
			isa = XCBuildConfiguration;
			buildSettings = {
				ASSETCATALOG_COMPILER_APPICON_NAME = AppIcon;
				CODE_SIGN_STYLE = Automatic;
				INFOPLIST_FILE = Mark2/Info.plist;
				LD_RUNPATH_SEARCH_PATHS = (
					"$(inherited)",
					"@executable_path/Frameworks",
				);
				PRODUCT_BUNDLE_IDENTIFIER = Lituation.Mark2;
				PRODUCT_NAME = "$(TARGET_NAME)";
				SWIFT_VERSION = 5.0;
				TARGETED_DEVICE_FAMILY = "1,2";
			};
			name = Release;
		};
		DE36164E22DBDA01008ACDA7 /* Debug */ = {
			isa = XCBuildConfiguration;
			buildSettings = {
				ALWAYS_EMBED_SWIFT_STANDARD_LIBRARIES = YES;
				BUNDLE_LOADER = "$(TEST_HOST)";
				CODE_SIGN_STYLE = Automatic;
				INFOPLIST_FILE = Mark2Tests/Info.plist;
				LD_RUNPATH_SEARCH_PATHS = (
					"$(inherited)",
					"@executable_path/Frameworks",
					"@loader_path/Frameworks",
				);
				PRODUCT_BUNDLE_IDENTIFIER = Lituation.Mark2Tests;
				PRODUCT_NAME = "$(TARGET_NAME)";
				SWIFT_VERSION = 5.0;
				TARGETED_DEVICE_FAMILY = "1,2";
				TEST_HOST = "$(BUILT_PRODUCTS_DIR)/Mark2.app/Mark2";
			};
			name = Debug;
		};
		DE36164F22DBDA01008ACDA7 /* Release */ = {
			isa = XCBuildConfiguration;
			buildSettings = {
				ALWAYS_EMBED_SWIFT_STANDARD_LIBRARIES = YES;
				BUNDLE_LOADER = "$(TEST_HOST)";
				CODE_SIGN_STYLE = Automatic;
				INFOPLIST_FILE = Mark2Tests/Info.plist;
				LD_RUNPATH_SEARCH_PATHS = (
					"$(inherited)",
					"@executable_path/Frameworks",
					"@loader_path/Frameworks",
				);
				PRODUCT_BUNDLE_IDENTIFIER = Lituation.Mark2Tests;
				PRODUCT_NAME = "$(TARGET_NAME)";
				SWIFT_VERSION = 5.0;
				TARGETED_DEVICE_FAMILY = "1,2";
				TEST_HOST = "$(BUILT_PRODUCTS_DIR)/Mark2.app/Mark2";
			};
			name = Release;
		};
		DE36165122DBDA01008ACDA7 /* Debug */ = {
			isa = XCBuildConfiguration;
			buildSettings = {
				ALWAYS_EMBED_SWIFT_STANDARD_LIBRARIES = YES;
				CODE_SIGN_STYLE = Automatic;
				INFOPLIST_FILE = Mark2UITests/Info.plist;
				LD_RUNPATH_SEARCH_PATHS = (
					"$(inherited)",
					"@executable_path/Frameworks",
					"@loader_path/Frameworks",
				);
				PRODUCT_BUNDLE_IDENTIFIER = Lituation.Mark2UITests;
				PRODUCT_NAME = "$(TARGET_NAME)";
				SWIFT_VERSION = 5.0;
				TARGETED_DEVICE_FAMILY = "1,2";
				TEST_TARGET_NAME = Mark2;
			};
			name = Debug;
		};
		DE36165222DBDA01008ACDA7 /* Release */ = {
			isa = XCBuildConfiguration;
			buildSettings = {
				ALWAYS_EMBED_SWIFT_STANDARD_LIBRARIES = YES;
				CODE_SIGN_STYLE = Automatic;
				INFOPLIST_FILE = Mark2UITests/Info.plist;
				LD_RUNPATH_SEARCH_PATHS = (
					"$(inherited)",
					"@executable_path/Frameworks",
					"@loader_path/Frameworks",
				);
				PRODUCT_BUNDLE_IDENTIFIER = Lituation.Mark2UITests;
				PRODUCT_NAME = "$(TARGET_NAME)";
				SWIFT_VERSION = 5.0;
				TARGETED_DEVICE_FAMILY = "1,2";
				TEST_TARGET_NAME = Mark2;
			};
			name = Release;
		};
/* End XCBuildConfiguration section */

/* Begin XCConfigurationList section */
		DE36161A22DBDA01008ACDA7 /* Build configuration list for PBXProject "Mark2" */ = {
			isa = XCConfigurationList;
			buildConfigurations = (
				DE36164822DBDA01008ACDA7 /* Debug */,
				DE36164922DBDA01008ACDA7 /* Release */,
			);
			defaultConfigurationIsVisible = 0;
			defaultConfigurationName = Release;
		};
		DE36164A22DBDA01008ACDA7 /* Build configuration list for PBXNativeTarget "Mark2" */ = {
			isa = XCConfigurationList;
			buildConfigurations = (
				DE36164B22DBDA01008ACDA7 /* Debug */,
				DE36164C22DBDA01008ACDA7 /* Release */,
			);
			defaultConfigurationIsVisible = 0;
			defaultConfigurationName = Release;
		};
		DE36164D22DBDA01008ACDA7 /* Build configuration list for PBXNativeTarget "Mark2Tests" */ = {
			isa = XCConfigurationList;
			buildConfigurations = (
				DE36164E22DBDA01008ACDA7 /* Debug */,
				DE36164F22DBDA01008ACDA7 /* Release */,
			);
			defaultConfigurationIsVisible = 0;
			defaultConfigurationName = Release;
		};
		DE36165022DBDA01008ACDA7 /* Build configuration list for PBXNativeTarget "Mark2UITests" */ = {
			isa = XCConfigurationList;
			buildConfigurations = (
				DE36165122DBDA01008ACDA7 /* Debug */,
				DE36165222DBDA01008ACDA7 /* Release */,
			);
			defaultConfigurationIsVisible = 0;
			defaultConfigurationName = Release;
		};
/* End XCConfigurationList section */

/* Begin XCVersionGroup section */
		DE36162922DBDA01008ACDA7 /* Mark2.xcdatamodeld */ = {
			isa = XCVersionGroup;
			children = (
				DE36162A22DBDA01008ACDA7 /* Mark2.xcdatamodel */,
			);
			currentVersion = DE36162A22DBDA01008ACDA7 /* Mark2.xcdatamodel */;
			path = Mark2.xcdatamodeld;
			sourceTree = "<group>";
			versionGroupType = wrapper.xcdatamodel;
		};
/* End XCVersionGroup section */
	};
	rootObject = DE36161722DBDA01008ACDA7 /* Project object */;
}
